
Microsoft Visual Studio Solution File, Format Version 12.00
# Visual Studio Version 17
VisualStudioVersion = 17.3.32922.545
MinimumVisualStudioVersion = 10.0.40219.1
Project("{FAE04EC0-301F-11D3-BF4B-00C04F79EFBC}") = "TestProject1", "TestProject1\TestProject1.csproj", "{DABE9DE2-ECC9-4FAA-BB3D-5532797E652D}"
EndProject
Project("{FAE04EC0-301F-11D3-BF4B-00C04F79EFBC}") = "ConsoleApp1", "ConsoleApp1\ConsoleApp1.csproj", "{6822D28E-71BA-4495-B160-532764C0140B}"
EndProject
Global
	GlobalSection(SolutionConfigurationPlatforms) = preSolution
		Debug|Any CPU = Debug|Any CPU
		Release|Any CPU = Release|Any CPU
	EndGlobalSection
	GlobalSection(ProjectConfigurationPlatforms) = postSolution
		{DABE9DE2-ECC9-4FAA-BB3D-5532797E652D}.Debug|Any CPU.ActiveCfg = Debug|Any CPU
		{DABE9DE2-ECC9-4FAA-BB3D-5532797E652D}.Debug|Any CPU.Build.0 = Debug|Any CPU
		{DABE9DE2-ECC9-4FAA-BB3D-5532797E652D}.Release|Any CPU.ActiveCfg = Release|Any CPU
		{DABE9DE2-ECC9-4FAA-BB3D-5532797E652D}.Release|Any CPU.Build.0 = Release|Any CPU
		{6822D28E-71BA-4495-B160-532764C0140B}.Debug|Any CPU.ActiveCfg = Debug|Any CPU
		{6822D28E-71BA-4495-B160-532764C0140B}.Debug|Any CPU.Build.0 = Debug|Any CPU
		{6822D28E-71BA-4495-B160-532764C0140B}.Release|Any CPU.ActiveCfg = Release|Any CPU
		{6822D28E-71BA-4495-B160-532764C0140B}.Release|Any CPU.Build.0 = Release|Any CPU
	EndGlobalSection
	GlobalSection(SolutionProperties) = preSolution
		HideSolutionNode = FALSE
	EndGlobalSection
	GlobalSection(ExtensibilityGlobals) = postSolution
		SolutionGuid = {C7B91E1E-3EE5-4671-96F7-69E5A2B75015}
	EndGlobalSection
EndGlobal
